// !$*UTF8*$!
{
	archiveVersion = 1;
	classes = {
	};
	objectVersion = 48;
	objects = {

/* Begin PBXBuildFile section */
		AEC748F51F18C24700334D87 /* Inceptionv3.mlmodel in Sources */ = {isa = PBXBuildFile; fileRef = AEC748F41F18C24700334D87 /* Inceptionv3.mlmodel */; };
		AEEC85651F18B8C600D43B9B /* AppDelegate.swift in Sources */ = {isa = PBXBuildFile; fileRef = AEEC85641F18B8C600D43B9B /* AppDelegate.swift */; };
		AEEC85671F18B8C600D43B9B /* art.scnassets in Resources */ = {isa = PBXBuildFile; fileRef = AEEC85661F18B8C600D43B9B /* art.scnassets */; };
		AEEC85691F18B8C600D43B9B /* ViewController.swift in Sources */ = {isa = PBXBuildFile; fileRef = AEEC85681F18B8C600D43B9B /* ViewController.swift */; };
		AEEC856C1F18B8C600D43B9B /* Main.storyboard in Resources */ = {isa = PBXBuildFile; fileRef = AEEC856A1F18B8C600D43B9B /* Main.storyboard */; };
		AEEC856E1F18B8C600D43B9B /* Assets.xcassets in Resources */ = {isa = PBXBuildFile; fileRef = AEEC856D1F18B8C600D43B9B /* Assets.xcassets */; };
		AEEC85711F18B8C600D43B9B /* LaunchScreen.storyboard in Resources */ = {isa = PBXBuildFile; fileRef = AEEC856F1F18B8C600D43B9B /* LaunchScreen.storyboard */; };
/* End PBXBuildFile section */

/* Begin PBXFileReference section */
		AEC748F41F18C24700334D87 /* Inceptionv3.mlmodel */ = {isa = PBXFileReference; lastKnownFileType = file.mlmodel; name = Inceptionv3.mlmodel; path = ../../Inceptionv3.mlmodel; sourceTree = "<group>"; };
		AEEC85611F18B8C600D43B9B /* CoreML in ARKit.app */ = {isa = PBXFileReference; explicitFileType = wrapper.application; includeInIndex = 0; path = "CoreML in ARKit.app"; sourceTree = BUILT_PRODUCTS_DIR; };
		AEEC85641F18B8C600D43B9B /* AppDelegate.swift */ = {isa = PBXFileReference; lastKnownFileType = sourcecode.swift; path = AppDelegate.swift; sourceTree = "<group>"; };
		AEEC85661F18B8C600D43B9B /* art.scnassets */ = {isa = PBXFileReference; lastKnownFileType = wrapper.scnassets; path = art.scnassets; sourceTree = "<group>"; };
		AEEC85681F18B8C600D43B9B /* ViewController.swift */ = {isa = PBXFileReference; lastKnownFileType = sourcecode.swift; path = ViewController.swift; sourceTree = "<group>"; };
		AEEC856B1F18B8C600D43B9B /* Base */ = {isa = PBXFileReference; lastKnownFileType = file.storyboard; name = Base; path = Base.lproj/Main.storyboard; sourceTree = "<group>"; };
		AEEC856D1F18B8C600D43B9B /* Assets.xcassets */ = {isa = PBXFileReference; lastKnownFileType = folder.assetcatalog; path = Assets.xcassets; sourceTree = "<group>"; };
		AEEC85701F18B8C600D43B9B /* Base */ = {isa = PBXFileReference; lastKnownFileType = file.storyboard; name = Base; path = Base.lproj/LaunchScreen.storyboard; sourceTree = "<group>"; };
		AEEC85721F18B8C600D43B9B /* Info.plist */ = {isa = PBXFileReference; lastKnownFileType = text.plist.xml; path = Info.plist; sourceTree = "<group>"; };
/* End PBXFileReference section */

/* Begin PBXFrameworksBuildPhase section */
		AEEC855E1F18B8C600D43B9B /* Frameworks */ = {
			isa = PBXFrameworksBuildPhase;
			buildActionMask = 2147483647;
			files = (
			);
			runOnlyForDeploymentPostprocessing = 0;
		};
/* End PBXFrameworksBuildPhase section */

/* Begin PBXGroup section */
		AEEC85581F18B8C600D43B9B = {
			isa = PBXGroup;
			children = (
				AEEC85631F18B8C600D43B9B /* CoreML in ARKit */,
				AEEC85621F18B8C600D43B9B /* Products */,
			);
			sourceTree = "<group>";
		};
		AEEC85621F18B8C600D43B9B /* Products */ = {
			isa = PBXGroup;
			children = (
				AEEC85611F18B8C600D43B9B /* CoreML in ARKit.app */,
			);
			name = Products;
			sourceTree = "<group>";
		};
		AEEC85631F18B8C600D43B9B /* CoreML in ARKit */ = {
			isa = PBXGroup;
			children = (
				AEEC85641F18B8C600D43B9B /* AppDelegate.swift */,
				AEEC85661F18B8C600D43B9B /* art.scnassets */,
				AEEC85681F18B8C600D43B9B /* ViewController.swift */,
				AEEC856A1F18B8C600D43B9B /* Main.storyboard */,
				AEEC856D1F18B8C600D43B9B /* Assets.xcassets */,
				AEEC856F1F18B8C600D43B9B /* LaunchScreen.storyboard */,
				AEEC85721F18B8C600D43B9B /* Info.plist */,
				AEC748F41F18C24700334D87 /* Inceptionv3.mlmodel */,
			);
			path = "CoreML in ARKit";
			sourceTree = "<group>";
		};
/* End PBXGroup section */

/* Begin PBXNativeTarget section */
		AEEC85601F18B8C600D43B9B /* CoreML in ARKit */ = {
			isa = PBXNativeTarget;
			buildConfigurationList = AEEC85751F18B8C600D43B9B /* Build configuration list for PBXNativeTarget "CoreML in ARKit" */;
			buildPhases = (
				AEEC855D1F18B8C600D43B9B /* Sources */,
				AEEC855E1F18B8C600D43B9B /* Frameworks */,
				AEEC855F1F18B8C600D43B9B /* Resources */,
			);
			buildRules = (
			);
			dependencies = (
			);
			name = "CoreML in ARKit";
			productName = "CoreML in ARKit";
			productReference = AEEC85611F18B8C600D43B9B /* CoreML in ARKit.app */;
			productType = "com.apple.product-type.application";
		};
/* End PBXNativeTarget section */

/* Begin PBXProject section */
		AEEC85591F18B8C600D43B9B /* Project object */ = {
			isa = PBXProject;
			attributes = {
				LastSwiftUpdateCheck = 0900;
				LastUpgradeCheck = 0900;
				ORGANIZATIONNAME = CompanyName;
				TargetAttributes = {
					AEEC85601F18B8C600D43B9B = {
						CreatedOnToolsVersion = 9.0;
					};
				};
			};
			buildConfigurationList = AEEC855C1F18B8C600D43B9B /* Build configuration list for PBXProject "CoreML in ARKit" */;
			compatibilityVersion = "Xcode 8.0";
			developmentRegion = en;
			hasScannedForEncodings = 0;
			knownRegions = (
				en,
				Base,
			);
			mainGroup = AEEC85581F18B8C600D43B9B;
			productRefGroup = AEEC85621F18B8C600D43B9B /* Products */;
			projectDirPath = "";
			projectRoot = "";
			targets = (
				AEEC85601F18B8C600D43B9B /* CoreML in ARKit */,
			);
		};
/* End PBXProject section */

/* Begin PBXResourcesBuildPhase section */
		AEEC855F1F18B8C600D43B9B /* Resources */ = {
			isa = PBXResourcesBuildPhase;
			buildActionMask = 2147483647;
			files = (
				AEEC85671F18B8C600D43B9B /* art.scnassets in Resources */,
				AEEC85711F18B8C600D43B9B /* LaunchScreen.storyboard in Resources */,
				AEEC856E1F18B8C600D43B9B /* Assets.xcassets in Resources */,
				AEEC856C1F18B8C600D43B9B /* Main.storyboard in Resources */,
			);
			runOnlyForDeploymentPostprocessing = 0;
		};
/* End PBXResourcesBuildPhase section */

/* Begin PBXSourcesBuildPhase section */
		AEEC855D1F18B8C600D43B9B /* Sources */ = {
			isa = PBXSourcesBuildPhase;
			buildActionMask = 2147483647;
			files = (
				AEEC85691F18B8C600D43B9B /* ViewController.swift in Sources */,
				AEC748F51F18C24700334D87 /* Inceptionv3.mlmodel in Sources */,
				AEEC85651F18B8C600D43B9B /* AppDelegate.swift in Sources */,
			);
			runOnlyForDeploymentPostprocessing = 0;
		};
/* End PBXSourcesBuildPhase section */

/* Begin PBXVariantGroup section */
		AEEC856A1F18B8C600D43B9B /* Main.storyboard */ = {
			isa = PBXVariantGroup;
			children = (
				AEEC856B1F18B8C600D43B9B /* Base */,
			);
			name = Main.storyboard;
			sourceTree = "<group>";
		};
		AEEC856F1F18B8C600D43B9B /* LaunchScreen.storyboard */ = {
			isa = PBXVariantGroup;
			children = (
				AEEC85701F18B8C600D43B9B /* Base */,
			);
			name = LaunchScreen.storyboard;
			sourceTree = "<group>";
		};
/* End PBXVariantGroup section */

/* Begin XCBuildConfiguration section */
		AEEC85731F18B8C600D43B9B /* Debug */ = {
			isa = XCBuildConfiguration;
			buildSettings = {
				ALWAYS_SEARCH_USER_PATHS = NO;
				CLANG_ANALYZER_NONNULL = YES;
				CLANG_ANALYZER_NUMBER_OBJECT_CONVERSION = YES_AGGRESSIVE;
				CLANG_CXX_LANGUAGE_STANDARD = "gnu++14";
				CLANG_CXX_LIBRARY = "libc++";
				CLANG_ENABLE_MODULES = YES;
				CLANG_ENABLE_OBJC_ARC = YES;
				CLANG_WARN_BLOCK_CAPTURE_AUTORELEASING = YES;
				CLANG_WARN_BOOL_CONVERSION = YES;
				CLANG_WARN_COMMA = YES;
				CLANG_WARN_CONSTANT_CONVERSION = YES;
				CLANG_WARN_DIRECT_OBJC_ISA_USAGE = YES_ERROR;
				CLANG_WARN_DOCUMENTATION_COMMENTS = YES;
				CLANG_WARN_EMPTY_BODY = YES;
				CLANG_WARN_ENUM_CONVERSION = YES;
				CLANG_WARN_INFINITE_RECURSION = YES;
				CLANG_WARN_INT_CONVERSION = YES;
				CLANG_WARN_NON_LITERAL_NULL_CONVERSION = YES;
				CLANG_WARN_OBJC_LITERAL_CONVERSION = YES;
				CLANG_WARN_OBJC_ROOT_CLASS = YES_ERROR;
				CLANG_WARN_RANGE_LOOP_ANALYSIS = YES;
				CLANG_WARN_STRICT_PROTOTYPES = YES;
				CLANG_WARN_SUSPICIOUS_MOVE = YES;
				CLANG_WARN_UNGUARDED_AVAILABILITY = YES_AGGRESSIVE;
				CLANG_WARN_UNREACHABLE_CODE = YES;
				CLANG_WARN__DUPLICATE_METHOD_MATCH = YES;
				CODE_SIGN_IDENTITY = "iPhone Developer";
				COPY_PHASE_STRIP = NO;
				DEBUG_INFORMATION_FORMAT = dwarf;
				ENABLE_STRICT_OBJC_MSGSEND = YES;
				ENABLE_TESTABILITY = YES;
				GCC_C_LANGUAGE_STANDARD = gnu11;
				GCC_DYNAMIC_NO_PIC = NO;
				GCC_NO_COMMON_BLOCKS = YES;
				GCC_OPTIMIZATION_LEVEL = 0;
				GCC_PREPROCESSOR_DEFINITIONS = (
					"DEBUG=1",
					"$(inherited)",
				);
				GCC_WARN_64_TO_32_BIT_CONVERSION = YES;
				GCC_WARN_ABOUT_RETURN_TYPE = YES_ERROR;
				GCC_WARN_UNDECLARED_SELECTOR = YES;
				GCC_WARN_UNINITIALIZED_AUTOS = YES_AGGRESSIVE;
				GCC_WARN_UNUSED_FUNCTION = YES;
				GCC_WARN_UNUSED_VARIABLE = YES;
				IPHONEOS_DEPLOYMENT_TARGET = 11.0;
				MTL_ENABLE_DEBUG_INFO = YES;
				ONLY_ACTIVE_ARCH = YES;
				SDKROOT = iphoneos;
				SWIFT_ACTIVE_COMPILATION_CONDITIONS = DEBUG;
				SWIFT_OPTIMIZATION_LEVEL = "-Onone";
			};
			name = Debug;
		};
		AEEC85741F18B8C600D43B9B /* Release */ = {
			isa = XCBuildConfiguration;
			buildSettings = {
				ALWAYS_SEARCH_USER_PATHS = NO;
				CLANG_ANALYZER_NONNULL = YES;
				CLANG_ANALYZER_NUMBER_OBJECT_CONVERSION = YES_AGGRESSIVE;
				CLANG_CXX_LANGUAGE_STANDARD = "gnu++14";
				CLANG_CXX_LIBRARY = "libc++";
				CLANG_ENABLE_MODULES = YES;
				CLANG_ENABLE_OBJC_ARC = YES;
				CLANG_WARN_BLOCK_CAPTURE_AUTORELEASING = YES;
				CLANG_WARN_BOOL_CONVERSION = YES;
				CLANG_WARN_COMMA = YES;
				CLANG_WARN_CONSTANT_CONVERSION = YES;
				CLANG_WARN_DIRECT_OBJC_ISA_USAGE = YES_ERROR;
				CLANG_WARN_DOCUMENTATION_COMMENTS = YES;
				CLANG_WARN_EMPTY_BODY = YES;
				CLANG_WARN_ENUM_CONVERSION = YES;
				CLANG_WARN_INFINITE_RECURSION = YES;
				CLANG_WARN_INT_CONVERSION = YES;
				CLANG_WARN_NON_LITERAL_NULL_CONVERSION = YES;
				CLANG_WARN_OBJC_LITERAL_CONVERSION = YES;
				CLANG_WARN_OBJC_ROOT_CLASS = YES_ERROR;
				CLANG_WARN_RANGE_LOOP_ANALYSIS = YES;
				CLANG_WARN_STRICT_PROTOTYPES = YES;
				CLANG_WARN_SUSPICIOUS_MOVE = YES;
				CLANG_WARN_UNGUARDED_AVAILABILITY = YES_AGGRESSIVE;
				CLANG_WARN_UNREACHABLE_CODE = YES;
				CLANG_WARN__DUPLICATE_METHOD_MATCH = YES;
				CODE_SIGN_IDENTITY = "iPhone Developer";
				COPY_PHASE_STRIP = NO;
				DEBUG_INFORMATION_FORMAT = "dwarf-with-dsym";
				ENABLE_NS_ASSERTIONS = NO;
				ENABLE_STRICT_OBJC_MSGSEND = YES;
				GCC_C_LANGUAGE_STANDARD = gnu11;
				GCC_NO_COMMON_BLOCKS = YES;
				GCC_WARN_64_TO_32_BIT_CONVERSION = YES;
				GCC_WARN_ABOUT_RETURN_TYPE = YES_ERROR;
				GCC_WARN_UNDECLARED_SELECTOR = YES;
				GCC_WARN_UNINITIALIZED_AUTOS = YES_AGGRESSIVE;
				GCC_WARN_UNUSED_FUNCTION = YES;
				GCC_WARN_UNUSED_VARIABLE = YES;
				IPHONEOS_DEPLOYMENT_TARGET = 11.0;
				MTL_ENABLE_DEBUG_INFO = NO;
				SDKROOT = iphoneos;
				SWIFT_OPTIMIZATION_LEVEL = "-Owholemodule";
				VALIDATE_PRODUCT = YES;
			};
			name = Release;
		};
		AEEC85761F18B8C600D43B9B /* Debug */ = {
			isa = XCBuildConfiguration;
			buildSettings = {
				ASSETCATALOG_COMPILER_APPICON_NAME = AppIcon;
				DEVELOPMENT_TEAM = 3SL39F2287;
				INFOPLIST_FILE = "CoreML in ARKit/Info.plist";
				LD_RUNPATH_SEARCH_PATHS = "$(inherited) @executable_path/Frameworks";
				PRODUCT_BUNDLE_IDENTIFIER = "com.yourcompanyname.CoreML-in-ARKit";
				PRODUCT_NAME = "$(TARGET_NAME)";
				SWIFT_VERSION = 4.0;
				TARGETED_DEVICE_FAMILY = "1,2";
			};
			name = Debug;
		};
		AEEC85771F18B8C600D43B9B /* Release */ = {
			isa = XCBuildConfiguration;
			buildSettings = {
				ASSETCATALOG_COMPILER_APPICON_NAME = AppIcon;
				DEVELOPMENT_TEAM = 3SL39F2287;
				INFOPLIST_FILE = "CoreML in ARKit/Info.plist";
				LD_RUNPATH_SEARCH_PATHS = "$(inherited) @executable_path/Frameworks";
				PRODUCT_BUNDLE_IDENTIFIER = "com.yourcompanyname.CoreML-in-ARKit";
				PRODUCT_NAME = "$(TARGET_NAME)";
				SWIFT_VERSION = 4.0;
				TARGETED_DEVICE_FAMILY = "1,2";
			};
			name = Release;
		};
/* End XCBuildConfiguration section */

/* Begin XCConfigurationList section */
		AEEC855C1F18B8C600D43B9B /* Build configuration list for PBXProject "CoreML in ARKit" */ = {
			isa = XCConfigurationList;
			buildConfigurations = (
				AEEC85731F18B8C600D43B9B /* Debug */,
				AEEC85741F18B8C600D43B9B /* Release */,
			);
			defaultConfigurationIsVisible = 0;
			defaultConfigurationName = Release;
		};
		AEEC85751F18B8C600D43B9B /* Build configuration list for PBXNativeTarget "CoreML in ARKit" */ = {
			isa = XCConfigurationList;
			buildConfigurations = (
				AEEC85761F18B8C600D43B9B /* Debug */,
				AEEC85771F18B8C600D43B9B /* Release */,
			);
			defaultConfigurationIsVisible = 0;
			defaultConfigurationName = Release;
		};
/* End XCConfigurationList section */
	};
	rootObject = AEEC85591F18B8C600D43B9B /* Project object */;
}
